// !$*UTF8*$!
{
	archiveVersion = 1;
	classes = {
	};
	objectVersion = 56;
	objects = {

/* Begin PBXBuildFile section */
		6F47FF362B0EDAC0001F68D0 /* CardView.swift in Sources */ = {isa = PBXBuildFile; fileRef = 6F47FF352B0EDAC0001F68D0 /* CardView.swift */; };
		6F47FF382B0EE262001F68D0 /* CardModel.swift in Sources */ = {isa = PBXBuildFile; fileRef = 6F47FF372B0EE262001F68D0 /* CardModel.swift */; };
		6F47FF3A2B0EE30C001F68D0 /* CardData.swift in Sources */ = {isa = PBXBuildFile; fileRef = 6F47FF392B0EE30C001F68D0 /* CardData.swift */; };
		6F47FF3D2B0EE5CA001F68D0 /* sound-chime.mp3 in Resources */ = {isa = PBXBuildFile; fileRef = 6F47FF3C2B0EE5CA001F68D0 /* sound-chime.mp3 */; };
		6F47FF3F2B0EE5F6001F68D0 /* PlaySound.swift in Sources */ = {isa = PBXBuildFile; fileRef = 6F47FF3E2B0EE5F6001F68D0 /* PlaySound.swift */; };
		6F47FF452B0EEC81001F68D0 /* Stickers.xcassets in Resources */ = {isa = PBXBuildFile; fileRef = 6F47FF442B0EEC81001F68D0 /* Stickers.xcassets */; };
		6F47FF492B0EEC81001F68D0 /* stickers.appex in Embed Foundation Extensions */ = {isa = PBXBuildFile; fileRef = 6F47FF422B0EEC7F001F68D0 /* stickers.appex */; settings = {ATTRIBUTES = (RemoveHeadersOnCopy, ); }; };
		6F9506522B0E24C3005FAB04 /* LearnByDoingApp.swift in Sources */ = {isa = PBXBuildFile; fileRef = 6F9506512B0E24C3005FAB04 /* LearnByDoingApp.swift */; };
		6F9506542B0E24C3005FAB04 /* ContentView.swift in Sources */ = {isa = PBXBuildFile; fileRef = 6F9506532B0E24C3005FAB04 /* ContentView.swift */; };
		6F9506562B0E24C5005FAB04 /* Assets.xcassets in Resources */ = {isa = PBXBuildFile; fileRef = 6F9506552B0E24C5005FAB04 /* Assets.xcassets */; };
		6F9506592B0E24C5005FAB04 /* Preview Assets.xcassets in Resources */ = {isa = PBXBuildFile; fileRef = 6F9506582B0E24C5005FAB04 /* Preview Assets.xcassets */; };
/* End PBXBuildFile section */

/* Begin PBXContainerItemProxy section */
		6F47FF472B0EEC81001F68D0 /* PBXContainerItemProxy */ = {
			isa = PBXContainerItemProxy;
			containerPortal = 6F9506462B0E24C3005FAB04 /* Project object */;
			proxyType = 1;
			remoteGlobalIDString = 6F47FF412B0EEC7F001F68D0;
			remoteInfo = stickers;
		};
/* End PBXContainerItemProxy section */

/* Begin PBXCopyFilesBuildPhase section */
		6F47FF4D2B0EEC81001F68D0 /* Embed Foundation Extensions */ = {
			isa = PBXCopyFilesBuildPhase;
			buildActionMask = 2147483647;
			dstPath = "";
			dstSubfolderSpec = 13;
			files = (
				6F47FF492B0EEC81001F68D0 /* stickers.appex in Embed Foundation Extensions */,
			);
			name = "Embed Foundation Extensions";
			runOnlyForDeploymentPostprocessing = 0;
		};
/* End PBXCopyFilesBuildPhase section */

/* Begin PBXFileReference section */
		6F47FF352B0EDAC0001F68D0 /* CardView.swift */ = {isa = PBXFileReference; lastKnownFileType = sourcecode.swift; path = CardView.swift; sourceTree = "<group>"; };
		6F47FF372B0EE262001F68D0 /* CardModel.swift */ = {isa = PBXFileReference; lastKnownFileType = sourcecode.swift; path = CardModel.swift; sourceTree = "<group>"; };
		6F47FF392B0EE30C001F68D0 /* CardData.swift */ = {isa = PBXFileReference; lastKnownFileType = sourcecode.swift; path = CardData.swift; sourceTree = "<group>"; };
		6F47FF3C2B0EE5CA001F68D0 /* sound-chime.mp3 */ = {isa = PBXFileReference; lastKnownFileType = audio.mp3; path = "sound-chime.mp3"; sourceTree = "<group>"; };
		6F47FF3E2B0EE5F6001F68D0 /* PlaySound.swift */ = {isa = PBXFileReference; lastKnownFileType = sourcecode.swift; path = PlaySound.swift; sourceTree = "<group>"; };
		6F47FF422B0EEC7F001F68D0 /* stickers.appex */ = {isa = PBXFileReference; explicitFileType = "wrapper.app-extension"; includeInIndex = 0; path = stickers.appex; sourceTree = BUILT_PRODUCTS_DIR; };
		6F47FF442B0EEC81001F68D0 /* Stickers.xcassets */ = {isa = PBXFileReference; lastKnownFileType = folder.assetcatalog; path = Stickers.xcassets; sourceTree = "<group>"; };
		6F47FF462B0EEC81001F68D0 /* Info.plist */ = {isa = PBXFileReference; lastKnownFileType = text.plist.xml; path = Info.plist; sourceTree = "<group>"; };
		6F95064E2B0E24C3005FAB04 /* LearnByDoing.app */ = {isa = PBXFileReference; explicitFileType = wrapper.application; includeInIndex = 0; path = LearnByDoing.app; sourceTree = BUILT_PRODUCTS_DIR; };
		6F9506512B0E24C3005FAB04 /* LearnByDoingApp.swift */ = {isa = PBXFileReference; lastKnownFileType = sourcecode.swift; path = LearnByDoingApp.swift; sourceTree = "<group>"; };
		6F9506532B0E24C3005FAB04 /* ContentView.swift */ = {isa = PBXFileReference; lastKnownFileType = sourcecode.swift; path = ContentView.swift; sourceTree = "<group>"; };
		6F9506552B0E24C5005FAB04 /* Assets.xcassets */ = {isa = PBXFileReference; lastKnownFileType = folder.assetcatalog; path = Assets.xcassets; sourceTree = "<group>"; };
		6F9506582B0E24C5005FAB04 /* Preview Assets.xcassets */ = {isa = PBXFileReference; lastKnownFileType = folder.assetcatalog; path = "Preview Assets.xcassets"; sourceTree = "<group>"; };
/* End PBXFileReference section */

/* Begin PBXFrameworksBuildPhase section */
		6F95064B2B0E24C3005FAB04 /* Frameworks */ = {
			isa = PBXFrameworksBuildPhase;
			buildActionMask = 2147483647;
			files = (
			);
			runOnlyForDeploymentPostprocessing = 0;
		};
/* End PBXFrameworksBuildPhase section */

/* Begin PBXGroup section */
		6F47FF3B2B0EE5CA001F68D0 /* Sounds */ = {
			isa = PBXGroup;
			children = (
				6F47FF3C2B0EE5CA001F68D0 /* sound-chime.mp3 */,
			);
			path = Sounds;
			sourceTree = "<group>";
		};
		6F47FF432B0EEC7F001F68D0 /* stickers */ = {
			isa = PBXGroup;
			children = (
				6F47FF442B0EEC81001F68D0 /* Stickers.xcassets */,
				6F47FF462B0EEC81001F68D0 /* Info.plist */,
			);
			path = stickers;
			sourceTree = "<group>";
		};
		6F9506452B0E24C3005FAB04 = {
			isa = PBXGroup;
			children = (
				6F9506502B0E24C3005FAB04 /* LearnByDoing */,
				6F47FF432B0EEC7F001F68D0 /* stickers */,
				6F95064F2B0E24C3005FAB04 /* Products */,
			);
			sourceTree = "<group>";
		};
		6F95064F2B0E24C3005FAB04 /* Products */ = {
			isa = PBXGroup;
			children = (
				6F95064E2B0E24C3005FAB04 /* LearnByDoing.app */,
				6F47FF422B0EEC7F001F68D0 /* stickers.appex */,
			);
			name = Products;
			sourceTree = "<group>";
		};
		6F9506502B0E24C3005FAB04 /* LearnByDoing */ = {
			isa = PBXGroup;
			children = (
				6F9506512B0E24C3005FAB04 /* LearnByDoingApp.swift */,
				6F9506532B0E24C3005FAB04 /* ContentView.swift */,
				6F47FF352B0EDAC0001F68D0 /* CardView.swift */,
				6F47FF3E2B0EE5F6001F68D0 /* PlaySound.swift */,
				6F47FF372B0EE262001F68D0 /* CardModel.swift */,
				6F47FF392B0EE30C001F68D0 /* CardData.swift */,
				6F9506552B0E24C5005FAB04 /* Assets.xcassets */,
				6F47FF3B2B0EE5CA001F68D0 /* Sounds */,
				6F9506572B0E24C5005FAB04 /* Preview Content */,
			);
			path = LearnByDoing;
			sourceTree = "<group>";
		};
		6F9506572B0E24C5005FAB04 /* Preview Content */ = {
			isa = PBXGroup;
			children = (
				6F9506582B0E24C5005FAB04 /* Preview Assets.xcassets */,
			);
			path = "Preview Content";
			sourceTree = "<group>";
		};
/* End PBXGroup section */

/* Begin PBXNativeTarget section */
		6F47FF412B0EEC7F001F68D0 /* stickers */ = {
			isa = PBXNativeTarget;
			buildConfigurationList = 6F47FF4A2B0EEC81001F68D0 /* Build configuration list for PBXNativeTarget "stickers" */;
			buildPhases = (
				6F47FF402B0EEC7F001F68D0 /* Resources */,
			);
			buildRules = (
			);
			dependencies = (
			);
			name = stickers;
			productName = stickers;
			productReference = 6F47FF422B0EEC7F001F68D0 /* stickers.appex */;
			productType = "com.apple.product-type.app-extension.messages-sticker-pack";
		};
		6F95064D2B0E24C3005FAB04 /* LearnByDoing */ = {
			isa = PBXNativeTarget;
			buildConfigurationList = 6F95065C2B0E24C5005FAB04 /* Build configuration list for PBXNativeTarget "LearnByDoing" */;
			buildPhases = (
				6F95064A2B0E24C3005FAB04 /* Sources */,
				6F95064B2B0E24C3005FAB04 /* Frameworks */,
				6F95064C2B0E24C3005FAB04 /* Resources */,
				6F47FF4D2B0EEC81001F68D0 /* Embed Foundation Extensions */,
			);
			buildRules = (
			);
			dependencies = (
				6F47FF482B0EEC81001F68D0 /* PBXTargetDependency */,
			);
			name = LearnByDoing;
			productName = LearnByDoing;
			productReference = 6F95064E2B0E24C3005FAB04 /* LearnByDoing.app */;
			productType = "com.apple.product-type.application";
		};
/* End PBXNativeTarget section */

/* Begin PBXProject section */
		6F9506462B0E24C3005FAB04 /* Project object */ = {
			isa = PBXProject;
			attributes = {
				BuildIndependentTargetsInParallel = 1;
				LastSwiftUpdateCheck = 1500;
				LastUpgradeCheck = 1500;
				TargetAttributes = {
					6F47FF412B0EEC7F001F68D0 = {
						CreatedOnToolsVersion = 15.0.1;
					};
					6F95064D2B0E24C3005FAB04 = {
						CreatedOnToolsVersion = 15.0.1;
					};
				};
			};
			buildConfigurationList = 6F9506492B0E24C3005FAB04 /* Build configuration list for PBXProject "LearnByDoing" */;
			compatibilityVersion = "Xcode 14.0";
			developmentRegion = en;
			hasScannedForEncodings = 0;
			knownRegions = (
				en,
				Base,
			);
			mainGroup = 6F9506452B0E24C3005FAB04;
			productRefGroup = 6F95064F2B0E24C3005FAB04 /* Products */;
			projectDirPath = "";
			projectRoot = "";
			targets = (
				6F95064D2B0E24C3005FAB04 /* LearnByDoing */,
				6F47FF412B0EEC7F001F68D0 /* stickers */,
			);
		};
/* End PBXProject section */

/* Begin PBXResourcesBuildPhase section */
		6F47FF402B0EEC7F001F68D0 /* Resources */ = {
			isa = PBXResourcesBuildPhase;
			buildActionMask = 2147483647;
			files = (
				6F47FF452B0EEC81001F68D0 /* Stickers.xcassets in Resources */,
			);
			runOnlyForDeploymentPostprocessing = 0;
		};
		6F95064C2B0E24C3005FAB04 /* Resources */ = {
			isa = PBXResourcesBuildPhase;
			buildActionMask = 2147483647;
			files = (
				6F9506592B0E24C5005FAB04 /* Preview Assets.xcassets in Resources */,
				6F47FF3D2B0EE5CA001F68D0 /* sound-chime.mp3 in Resources */,
				6F9506562B0E24C5005FAB04 /* Assets.xcassets in Resources */,
			);
			runOnlyForDeploymentPostprocessing = 0;
		};
/* End PBXResourcesBuildPhase section */

/* Begin PBXSourcesBuildPhase section */
		6F95064A2B0E24C3005FAB04 /* Sources */ = {
			isa = PBXSourcesBuildPhase;
			buildActionMask = 2147483647;
			files = (
				6F47FF3A2B0EE30C001F68D0 /* CardData.swift in Sources */,
				6F47FF3F2B0EE5F6001F68D0 /* PlaySound.swift in Sources */,
				6F9506542B0E24C3005FAB04 /* ContentView.swift in Sources */,
				6F47FF382B0EE262001F68D0 /* CardModel.swift in Sources */,
				6F47FF362B0EDAC0001F68D0 /* CardView.swift in Sources */,
				6F9506522B0E24C3005FAB04 /* LearnByDoingApp.swift in Sources */,
			);
			runOnlyForDeploymentPostprocessing = 0;
		};
/* End PBXSourcesBuildPhase section */

/* Begin PBXTargetDependency section */
		6F47FF482B0EEC81001F68D0 /* PBXTargetDependency */ = {
			isa = PBXTargetDependency;
			target = 6F47FF412B0EEC7F001F68D0 /* stickers */;
			targetProxy = 6F47FF472B0EEC81001F68D0 /* PBXContainerItemProxy */;
		};
/* End PBXTargetDependency section */

/* Begin XCBuildConfiguration section */
		6F47FF4B2B0EEC81001F68D0 /* Debug */ = {
			isa = XCBuildConfiguration;
			buildSettings = {
				ASSETCATALOG_COMPILER_APPICON_NAME = "iMessage App Icon";
				CODE_SIGN_STYLE = Automatic;
				CURRENT_PROJECT_VERSION = 1;
				DEVELOPMENT_TEAM = K328B98U3F;
				GENERATE_INFOPLIST_FILE = YES;
				INFOPLIST_FILE = stickers/Info.plist;
				INFOPLIST_KEY_NSStickerSharingLevel = OS;
				MARKETING_VERSION = 1.0;
				PRODUCT_BUNDLE_IDENTIFIER = com.luizaraujo.LearnByDoing.stickers;
				PRODUCT_NAME = "$(TARGET_NAME)";
				SKIP_INSTALL = YES;
				SWIFT_EMIT_LOC_STRINGS = YES;
				TARGETED_DEVICE_FAMILY = "1,2";
			};
			name = Debug;
		};
		6F47FF4C2B0EEC81001F68D0 /* Release */ = {
			isa = XCBuildConfiguration;
			buildSettings = {
				ASSETCATALOG_COMPILER_APPICON_NAME = "iMessage App Icon";
				CODE_SIGN_STYLE = Automatic;
				CURRENT_PROJECT_VERSION = 1;
				DEVELOPMENT_TEAM = K328B98U3F;
				GENERATE_INFOPLIST_FILE = YES;
				INFOPLIST_FILE = stickers/Info.plist;
				INFOPLIST_KEY_NSStickerSharingLevel = OS;
				MARKETING_VERSION = 1.0;
				PRODUCT_BUNDLE_IDENTIFIER = com.luizaraujo.LearnByDoing.stickers;
				PRODUCT_NAME = "$(TARGET_NAME)";
				SKIP_INSTALL = YES;
				SWIFT_EMIT_LOC_STRINGS = YES;
				TARGETED_DEVICE_FAMILY = "1,2";
			};
			name = Release;
		};
		6F95065A2B0E24C5005FAB04 /* Debug */ = {
			isa = XCBuildConfiguration;
			buildSettings = {
				ALWAYS_SEARCH_USER_PATHS = NO;
				ASSETCATALOG_COMPILER_GENERATE_SWIFT_ASSET_SYMBOL_EXTENSIONS = YES;
				CLANG_ANALYZER_NONNULL = YES;
				CLANG_ANALYZER_NUMBER_OBJECT_CONVERSION = YES_AGGRESSIVE;
				CLANG_CXX_LANGUAGE_STANDARD = "gnu++20";
				CLANG_ENABLE_MODULES = YES;
				CLANG_ENABLE_OBJC_ARC = YES;
				CLANG_ENABLE_OBJC_WEAK = YES;
				CLANG_WARN_BLOCK_CAPTURE_AUTORELEASING = YES;
				CLANG_WARN_BOOL_CONVERSION = YES;
				CLANG_WARN_COMMA = YES;
				CLANG_WARN_CONSTANT_CONVERSION = YES;
				CLANG_WARN_DEPRECATED_OBJC_IMPLEMENTATIONS = YES;
				CLANG_WARN_DIRECT_OBJC_ISA_USAGE = YES_ERROR;
				CLANG_WARN_DOCUMENTATION_COMMENTS = YES;
				CLANG_WARN_EMPTY_BODY = YES;
				CLANG_WARN_ENUM_CONVERSION = YES;
				CLANG_WARN_INFINITE_RECURSION = YES;
				CLANG_WARN_INT_CONVERSION = YES;
				CLANG_WARN_NON_LITERAL_NULL_CONVERSION = YES;
				CLANG_WARN_OBJC_IMPLICIT_RETAIN_SELF = YES;
				CLANG_WARN_OBJC_LITERAL_CONVERSION = YES;
				CLANG_WARN_OBJC_ROOT_CLASS = YES_ERROR;
				CLANG_WARN_QUOTED_INCLUDE_IN_FRAMEWORK_HEADER = YES;
				CLANG_WARN_RANGE_LOOP_ANALYSIS = YES;
				CLANG_WARN_STRICT_PROTOTYPES = YES;
				CLANG_WARN_SUSPICIOUS_MOVE = YES;
				CLANG_WARN_UNGUARDED_AVAILABILITY = YES_AGGRESSIVE;
				CLANG_WARN_UNREACHABLE_CODE = YES;
				CLANG_WARN__DUPLICATE_METHOD_MATCH = YES;
				COPY_PHASE_STRIP = NO;
				DEBUG_INFORMATION_FORMAT = dwarf;
				ENABLE_STRICT_OBJC_MSGSEND = YES;
				ENABLE_TESTABILITY = YES;
				ENABLE_USER_SCRIPT_SANDBOXING = YES;
				GCC_C_LANGUAGE_STANDARD = gnu17;
				GCC_DYNAMIC_NO_PIC = NO;
				GCC_NO_COMMON_BLOCKS = YES;
				GCC_OPTIMIZATION_LEVEL = 0;
				GCC_PREPROCESSOR_DEFINITIONS = (
					"DEBUG=1",
					"$(inherited)",
				);
				GCC_WARN_64_TO_32_BIT_CONVERSION = YES;
				GCC_WARN_ABOUT_RETURN_TYPE = YES_ERROR;
				GCC_WARN_UNDECLARED_SELECTOR = YES;
				GCC_WARN_UNINITIALIZED_AUTOS = YES_AGGRESSIVE;
				GCC_WARN_UNUSED_FUNCTION = YES;
				GCC_WARN_UNUSED_VARIABLE = YES;
				IPHONEOS_DEPLOYMENT_TARGET = 17.0;
				LOCALIZATION_PREFERS_STRING_CATALOGS = YES;
				MTL_ENABLE_DEBUG_INFO = INCLUDE_SOURCE;
				MTL_FAST_MATH = YES;
				ONLY_ACTIVE_ARCH = YES;
				SDKROOT = iphoneos;
				SWIFT_ACTIVE_COMPILATION_CONDITIONS = "DEBUG $(inherited)";
				SWIFT_OPTIMIZATION_LEVEL = "-Onone";
			};
			name = Debug;
		};
		6F95065B2B0E24C5005FAB04 /* Release */ = {
			isa = XCBuildConfiguration;
			buildSettings = {
				ALWAYS_SEARCH_USER_PATHS = NO;
				ASSETCATALOG_COMPILER_GENERATE_SWIFT_ASSET_SYMBOL_EXTENSIONS = YES;
				CLANG_ANALYZER_NONNULL = YES;
				CLANG_ANALYZER_NUMBER_OBJECT_CONVERSION = YES_AGGRESSIVE;
				CLANG_CXX_LANGUAGE_STANDARD = "gnu++20";
				CLANG_ENABLE_MODULES = YES;
				CLANG_ENABLE_OBJC_ARC = YES;
				CLANG_ENABLE_OBJC_WEAK = YES;
				CLANG_WARN_BLOCK_CAPTURE_AUTORELEASING = YES;
				CLANG_WARN_BOOL_CONVERSION = YES;
				CLANG_WARN_COMMA = YES;
				CLANG_WARN_CONSTANT_CONVERSION = YES;
				CLANG_WARN_DEPRECATED_OBJC_IMPLEMENTATIONS = YES;
				CLANG_WARN_DIRECT_OBJC_ISA_USAGE = YES_ERROR;
				CLANG_WARN_DOCUMENTATION_COMMENTS = YES;
				CLANG_WARN_EMPTY_BODY = YES;
				CLANG_WARN_ENUM_CONVERSION = YES;
				CLANG_WARN_INFINITE_RECURSION = YES;
				CLANG_WARN_INT_CONVERSION = YES;
				CLANG_WARN_NON_LITERAL_NULL_CONVERSION = YES;
				CLANG_WARN_OBJC_IMPLICIT_RETAIN_SELF = YES;
				CLANG_WARN_OBJC_LITERAL_CONVERSION = YES;
				CLANG_WARN_OBJC_ROOT_CLASS = YES_ERROR;
				CLANG_WARN_QUOTED_INCLUDE_IN_FRAMEWORK_HEADER = YES;
				CLANG_WARN_RANGE_LOOP_ANALYSIS = YES;
				CLANG_WARN_STRICT_PROTOTYPES = YES;
				CLANG_WARN_SUSPICIOUS_MOVE = YES;
				CLANG_WARN_UNGUARDED_AVAILABILITY = YES_AGGRESSIVE;
				CLANG_WARN_UNREACHABLE_CODE = YES;
				CLANG_WARN__DUPLICATE_METHOD_MATCH = YES;
				COPY_PHASE_STRIP = NO;
				DEBUG_INFORMATION_FORMAT = "dwarf-with-dsym";
				ENABLE_NS_ASSERTIONS = NO;
				ENABLE_STRICT_OBJC_MSGSEND = YES;
				ENABLE_USER_SCRIPT_SANDBOXING = YES;
				GCC_C_LANGUAGE_STANDARD = gnu17;
				GCC_NO_COMMON_BLOCKS = YES;
				GCC_WARN_64_TO_32_BIT_CONVERSION = YES;
				GCC_WARN_ABOUT_RETURN_TYPE = YES_ERROR;
				GCC_WARN_UNDECLARED_SELECTOR = YES;
				GCC_WARN_UNINITIALIZED_AUTOS = YES_AGGRESSIVE;
				GCC_WARN_UNUSED_FUNCTION = YES;
				GCC_WARN_UNUSED_VARIABLE = YES;
				IPHONEOS_DEPLOYMENT_TARGET = 17.0;
				LOCALIZATION_PREFERS_STRING_CATALOGS = YES;
				MTL_ENABLE_DEBUG_INFO = NO;
				MTL_FAST_MATH = YES;
				SDKROOT = iphoneos;
				SWIFT_COMPILATION_MODE = wholemodule;
				VALIDATE_PRODUCT = YES;
			};
			name = Release;
		};
		6F95065D2B0E24C5005FAB04 /* Debug */ = {
			isa = XCBuildConfiguration;
			buildSettings = {
				ASSETCATALOG_COMPILER_APPICON_NAME = AppIcon;
				ASSETCATALOG_COMPILER_GLOBAL_ACCENT_COLOR_NAME = AccentColor;
				CODE_SIGN_STYLE = Automatic;
				CURRENT_PROJECT_VERSION = 1;
				DEVELOPMENT_ASSET_PATHS = "\"LearnByDoing/Preview Content\"";
				DEVELOPMENT_TEAM = K328B98U3F;
				ENABLE_PREVIEWS = YES;
				GENERATE_INFOPLIST_FILE = YES;
				INFOPLIST_KEY_CFBundleDisplayName = "Learn By Doing";
				INFOPLIST_KEY_UIApplicationSceneManifest_Generation = YES;
				INFOPLIST_KEY_UIApplicationSupportsIndirectInputEvents = YES;
				INFOPLIST_KEY_UILaunchScreen_Generation = YES;
				INFOPLIST_KEY_UISupportedInterfaceOrientations_iPad = "UIInterfaceOrientationPortrait UIInterfaceOrientationPortraitUpsideDown UIInterfaceOrientationLandscapeLeft UIInterfaceOrientationLandscapeRight";
				INFOPLIST_KEY_UISupportedInterfaceOrientations_iPhone = "UIInterfaceOrientationPortrait UIInterfaceOrientationLandscapeLeft UIInterfaceOrientationLandscapeRight";
				LD_RUNPATH_SEARCH_PATHS = (
					"$(inherited)",
					"@executable_path/Frameworks",
				);
				MARKETING_VERSION = 1.0;
				PRODUCT_BUNDLE_IDENTIFIER = com.luizaraujo.LearnByDoing;
				PRODUCT_NAME = "$(TARGET_NAME)";
				SWIFT_EMIT_LOC_STRINGS = YES;
				SWIFT_VERSION = 5.0;
				TARGETED_DEVICE_FAMILY = "1,2";
			};
			name = Debug;
		};
		6F95065E2B0E24C5005FAB04 /* Release */ = {
			isa = XCBuildConfiguration;
			buildSettings = {
				ASSETCATALOG_COMPILER_APPICON_NAME = AppIcon;
				ASSETCATALOG_COMPILER_GLOBAL_ACCENT_COLOR_NAME = AccentColor;
				CODE_SIGN_STYLE = Automatic;
				CURRENT_PROJECT_VERSION = 1;
				DEVELOPMENT_ASSET_PATHS = "\"LearnByDoing/Preview Content\"";
				DEVELOPMENT_TEAM = K328B98U3F;
				ENABLE_PREVIEWS = YES;
				GENERATE_INFOPLIST_FILE = YES;
				INFOPLIST_KEY_CFBundleDisplayName = "Learn By Doing";
				INFOPLIST_KEY_UIApplicationSceneManifest_Generation = YES;
				INFOPLIST_KEY_UIApplicationSupportsIndirectInputEvents = YES;
				INFOPLIST_KEY_UILaunchScreen_Generation = YES;
				INFOPLIST_KEY_UISupportedInterfaceOrientations_iPad = "UIInterfaceOrientationPortrait UIInterfaceOrientationPortraitUpsideDown UIInterfaceOrientationLandscapeLeft UIInterfaceOrientationLandscapeRight";
				INFOPLIST_KEY_UISupportedInterfaceOrientations_iPhone = "UIInterfaceOrientationPortrait UIInterfaceOrientationLandscapeLeft UIInterfaceOrientationLandscapeRight";
				LD_RUNPATH_SEARCH_PATHS = (
					"$(inherited)",
					"@executable_path/Frameworks",
				);
				MARKETING_VERSION = 1.0;
				PRODUCT_BUNDLE_IDENTIFIER = com.luizaraujo.LearnByDoing;
				PRODUCT_NAME = "$(TARGET_NAME)";
				SWIFT_EMIT_LOC_STRINGS = YES;
				SWIFT_VERSION = 5.0;
				TARGETED_DEVICE_FAMILY = "1,2";
			};
			name = Release;
		};
/* End XCBuildConfiguration section */

/* Begin XCConfigurationList section */
		6F47FF4A2B0EEC81001F68D0 /* Build configuration list for PBXNativeTarget "stickers" */ = {
			isa = XCConfigurationList;
			buildConfigurations = (
				6F47FF4B2B0EEC81001F68D0 /* Debug */,
				6F47FF4C2B0EEC81001F68D0 /* Release */,
			);
			defaultConfigurationIsVisible = 0;
			defaultConfigurationName = Release;
		};
		6F9506492B0E24C3005FAB04 /* Build configuration list for PBXProject "LearnByDoing" */ = {
			isa = XCConfigurationList;
			buildConfigurations = (
				6F95065A2B0E24C5005FAB04 /* Debug */,
				6F95065B2B0E24C5005FAB04 /* Release */,
			);
			defaultConfigurationIsVisible = 0;
			defaultConfigurationName = Release;
		};
		6F95065C2B0E24C5005FAB04 /* Build configuration list for PBXNativeTarget "LearnByDoing" */ = {
			isa = XCConfigurationList;
			buildConfigurations = (
				6F95065D2B0E24C5005FAB04 /* Debug */,
				6F95065E2B0E24C5005FAB04 /* Release */,
			);
			defaultConfigurationIsVisible = 0;
			defaultConfigurationName = Release;
		};
/* End XCConfigurationList section */
	};
	rootObject = 6F9506462B0E24C3005FAB04 /* Project object */;
}
